
Microsoft Visual Studio Solution File, Format Version 12.00
# Visual Studio Version 17
VisualStudioVersion = 17.4.33205.214
MinimumVisualStudioVersion = 10.0.40219.1
Project("{FAE04EC0-301F-11D3-BF4B-00C04F79EFBC}") = "AddressBookSystem276", "AddressBookSystem276\AddressBookSystem276.csproj", "{0982EF97-72BF-426B-AA45-534E2B4D9561}"
EndProject
Global
	GlobalSection(SolutionConfigurationPlatforms) = preSolution
		Debug|Any CPU = Debug|Any CPU
		Release|Any CPU = Release|Any CPU
	EndGlobalSection
	GlobalSection(ProjectConfigurationPlatforms) = postSolution
		{0982EF97-72BF-426B-AA45-534E2B4D9561}.Debug|Any CPU.ActiveCfg = Debug|Any CPU
		{0982EF97-72BF-426B-AA45-534E2B4D9561}.Debug|Any CPU.Build.0 = Debug|Any CPU
		{0982EF97-72BF-426B-AA45-534E2B4D9561}.Release|Any CPU.ActiveCfg = Release|Any CPU
		{0982EF97-72BF-426B-AA45-534E2B4D9561}.Release|Any CPU.Build.0 = Release|Any CPU
	EndGlobalSection
	GlobalSection(SolutionProperties) = preSolution
		HideSolutionNode = FALSE
	EndGlobalSection
	GlobalSection(ExtensibilityGlobals) = postSolution
		SolutionGuid = {8ECB173A-DBF9-4E51-89FD-33F58C00C5B6}
	EndGlobalSection
EndGlobal
